{
  "name": "myproject",
  "version": "1.0.0",
  "lockfileVersion": 1,
  "requires": true,
  "dependencies": {
    "@types/jquery": {
      "version": "3.3.38",
      "resolved": "https://registry.npmjs.org/@types/jquery/-/jquery-3.3.38.tgz",
      "integrity": "sha1-Y4Xx4bML0r/1WujudepCqZnMNgg=",
      "dev": true,
      "requires": {
        "@types/sizzle": "*"
      }
    },
    "@types/signalr": {
      "version": "2.2.36",
      "resolved": "https://registry.npmjs.org/@types/signalr/-/signalr-2.2.36.tgz",
      "integrity": "sha1-v+/fvLA5Y4ovcteb7QvNCA8lrTA=",
      "dev": true,
      "requires": {
        "@types/jquery": "*"
      }
    },
    "@types/sizzle": {
      "version": "2.3.2",
      "resolved": "https://registry.npmjs.org/@types/sizzle/-/sizzle-2.3.2.tgz",
      "integrity": "sha1-qBG4wY4rq6t9VCszZYh64uTZ3kc=",
      "dev": true
    }
  }
}
